
Microsoft Visual Studio Solution File, Format Version 12.00
# Visual Studio 15
VisualStudioVersion = 15.0.28307.421
MinimumVisualStudioVersion = 10.0.40219.1
Project("{FAE04EC0-301F-11D3-BF4B-00C04F79EFBC}") = "Acronym", "Acronym\Acronym.csproj", "{3EC51699-7B36-4FEE-AFF8-E04A667CE284}"
EndProject
Project("{FAE04EC0-301F-11D3-BF4B-00C04F79EFBC}") = "AcronymTests", "AcronymTests\AcronymTests.csproj", "{69069F2E-0556-4439-A78E-ECF867421BE1}"
EndProject
Global
	GlobalSection(SolutionConfigurationPlatforms) = preSolution
		Debug|Any CPU = Debug|Any CPU
		Release|Any CPU = Release|Any CPU
	EndGlobalSection
	GlobalSection(ProjectConfigurationPlatforms) = postSolution
		{3EC51699-7B36-4FEE-AFF8-E04A667CE284}.Debug|Any CPU.ActiveCfg = Debug|Any CPU
		{3EC51699-7B36-4FEE-AFF8-E04A667CE284}.Debug|Any CPU.Build.0 = Debug|Any CPU
		{3EC51699-7B36-4FEE-AFF8-E04A667CE284}.Release|Any CPU.ActiveCfg = Release|Any CPU
		{3EC51699-7B36-4FEE-AFF8-E04A667CE284}.Release|Any CPU.Build.0 = Release|Any CPU
		{69069F2E-0556-4439-A78E-ECF867421BE1}.Debug|Any CPU.ActiveCfg = Debug|Any CPU
		{69069F2E-0556-4439-A78E-ECF867421BE1}.Debug|Any CPU.Build.0 = Debug|Any CPU
		{69069F2E-0556-4439-A78E-ECF867421BE1}.Release|Any CPU.ActiveCfg = Release|Any CPU
		{69069F2E-0556-4439-A78E-ECF867421BE1}.Release|Any CPU.Build.0 = Release|Any CPU
	EndGlobalSection
	GlobalSection(SolutionProperties) = preSolution
		HideSolutionNode = FALSE
	EndGlobalSection
	GlobalSection(ExtensibilityGlobals) = postSolution
		SolutionGuid = {FED00356-154E-4510-966D-A082C855C9F9}
	EndGlobalSection
EndGlobal
